// !$*UTF8*$!
{
	archiveVersion = 1;
	classes = {
	};
	objectVersion = 48;
	objects = {

/* Begin PBXBuildFile section */
		1F4C67C320CBDC2300E93B3A /* AppDelegate.m in Sources */ = {isa = PBXBuildFile; fileRef = 1F4C67C220CBDC2300E93B3A /* AppDelegate.m */; };
		1F4C67CB20CBDC2300E93B3A /* Assets.xcassets in Resources */ = {isa = PBXBuildFile; fileRef = 1F4C67CA20CBDC2300E93B3A /* Assets.xcassets */; };
		1F4C67CE20CBDC2300E93B3A /* LaunchScreen.storyboard in Resources */ = {isa = PBXBuildFile; fileRef = 1F4C67CC20CBDC2300E93B3A /* LaunchScreen.storyboard */; };
		1F4C67D120CBDC2300E93B3A /* main.m in Sources */ = {isa = PBXBuildFile; fileRef = 1F4C67D020CBDC2300E93B3A /* main.m */; };
		1F4C67DB20CBDC2300E93B3A /* YFLCustomActionSheetTests.m in Sources */ = {isa = PBXBuildFile; fileRef = 1F4C67DA20CBDC2300E93B3A /* YFLCustomActionSheetTests.m */; };
		1F4C67E620CBDC2300E93B3A /* YFLCustomActionSheetUITests.m in Sources */ = {isa = PBXBuildFile; fileRef = 1F4C67E520CBDC2300E93B3A /* YFLCustomActionSheetUITests.m */; };
		1F4C67F520CBDC5100E93B3A /* MainViewController.m in Sources */ = {isa = PBXBuildFile; fileRef = 1F4C67F420CBDC5100E93B3A /* MainViewController.m */; };
		1F4C67F920CBDC9200E93B3A /* YFLCustomActionSheet.m in Sources */ = {isa = PBXBuildFile; fileRef = 1F4C67F820CBDC9200E93B3A /* YFLCustomActionSheet.m */; };
/* End PBXBuildFile section */

/* Begin PBXContainerItemProxy section */
		1F4C67D720CBDC2300E93B3A /* PBXContainerItemProxy */ = {
			isa = PBXContainerItemProxy;
			containerPortal = 1F4C67B620CBDC2300E93B3A /* Project object */;
			proxyType = 1;
			remoteGlobalIDString = 1F4C67BD20CBDC2300E93B3A;
			remoteInfo = YFLCustomActionSheet;
		};
		1F4C67E220CBDC2300E93B3A /* PBXContainerItemProxy */ = {
			isa = PBXContainerItemProxy;
			containerPortal = 1F4C67B620CBDC2300E93B3A /* Project object */;
			proxyType = 1;
			remoteGlobalIDString = 1F4C67BD20CBDC2300E93B3A;
			remoteInfo = YFLCustomActionSheet;
		};
/* End PBXContainerItemProxy section */

/* Begin PBXFileReference section */
		1F4C67BE20CBDC2300E93B3A /* YFLCustomActionSheet.app */ = {isa = PBXFileReference; explicitFileType = wrapper.application; includeInIndex = 0; path = YFLCustomActionSheet.app; sourceTree = BUILT_PRODUCTS_DIR; };
		1F4C67C120CBDC2300E93B3A /* AppDelegate.h */ = {isa = PBXFileReference; lastKnownFileType = sourcecode.c.h; path = AppDelegate.h; sourceTree = "<group>"; };
		1F4C67C220CBDC2300E93B3A /* AppDelegate.m */ = {isa = PBXFileReference; lastKnownFileType = sourcecode.c.objc; path = AppDelegate.m; sourceTree = "<group>"; };
		1F4C67CA20CBDC2300E93B3A /* Assets.xcassets */ = {isa = PBXFileReference; lastKnownFileType = folder.assetcatalog; path = Assets.xcassets; sourceTree = "<group>"; };
		1F4C67CD20CBDC2300E93B3A /* Base */ = {isa = PBXFileReference; lastKnownFileType = file.storyboard; name = Base; path = Base.lproj/LaunchScreen.storyboard; sourceTree = "<group>"; };
		1F4C67CF20CBDC2300E93B3A /* Info.plist */ = {isa = PBXFileReference; lastKnownFileType = text.plist.xml; path = Info.plist; sourceTree = "<group>"; };
		1F4C67D020CBDC2300E93B3A /* main.m */ = {isa = PBXFileReference; lastKnownFileType = sourcecode.c.objc; path = main.m; sourceTree = "<group>"; };
		1F4C67D620CBDC2300E93B3A /* YFLCustomActionSheetTests.xctest */ = {isa = PBXFileReference; explicitFileType = wrapper.cfbundle; includeInIndex = 0; path = YFLCustomActionSheetTests.xctest; sourceTree = BUILT_PRODUCTS_DIR; };
		1F4C67DA20CBDC2300E93B3A /* YFLCustomActionSheetTests.m */ = {isa = PBXFileReference; lastKnownFileType = sourcecode.c.objc; path = YFLCustomActionSheetTests.m; sourceTree = "<group>"; };
		1F4C67DC20CBDC2300E93B3A /* Info.plist */ = {isa = PBXFileReference; lastKnownFileType = text.plist.xml; path = Info.plist; sourceTree = "<group>"; };
		1F4C67E120CBDC2300E93B3A /* YFLCustomActionSheetUITests.xctest */ = {isa = PBXFileReference; explicitFileType = wrapper.cfbundle; includeInIndex = 0; path = YFLCustomActionSheetUITests.xctest; sourceTree = BUILT_PRODUCTS_DIR; };
		1F4C67E520CBDC2300E93B3A /* YFLCustomActionSheetUITests.m */ = {isa = PBXFileReference; lastKnownFileType = sourcecode.c.objc; path = YFLCustomActionSheetUITests.m; sourceTree = "<group>"; };
		1F4C67E720CBDC2400E93B3A /* Info.plist */ = {isa = PBXFileReference; lastKnownFileType = text.plist.xml; path = Info.plist; sourceTree = "<group>"; };
		1F4C67F320CBDC5100E93B3A /* MainViewController.h */ = {isa = PBXFileReference; lastKnownFileType = sourcecode.c.h; path = MainViewController.h; sourceTree = "<group>"; };
		1F4C67F420CBDC5100E93B3A /* MainViewController.m */ = {isa = PBXFileReference; lastKnownFileType = sourcecode.c.objc; path = MainViewController.m; sourceTree = "<group>"; };
		1F4C67F720CBDC9200E93B3A /* YFLCustomActionSheet.h */ = {isa = PBXFileReference; fileEncoding = 4; lastKnownFileType = sourcecode.c.h; path = YFLCustomActionSheet.h; sourceTree = "<group>"; };
		1F4C67F820CBDC9200E93B3A /* YFLCustomActionSheet.m */ = {isa = PBXFileReference; fileEncoding = 4; lastKnownFileType = sourcecode.c.objc; path = YFLCustomActionSheet.m; sourceTree = "<group>"; };
/* End PBXFileReference section */

/* Begin PBXFrameworksBuildPhase section */
		1F4C67BB20CBDC2300E93B3A /* Frameworks */ = {
			isa = PBXFrameworksBuildPhase;
			buildActionMask = 2147483647;
			files = (
			);
			runOnlyForDeploymentPostprocessing = 0;
		};
		1F4C67D320CBDC2300E93B3A /* Frameworks */ = {
			isa = PBXFrameworksBuildPhase;
			buildActionMask = 2147483647;
			files = (
			);
			runOnlyForDeploymentPostprocessing = 0;
		};
		1F4C67DE20CBDC2300E93B3A /* Frameworks */ = {
			isa = PBXFrameworksBuildPhase;
			buildActionMask = 2147483647;
			files = (
			);
			runOnlyForDeploymentPostprocessing = 0;
		};
/* End PBXFrameworksBuildPhase section */

/* Begin PBXGroup section */
		1F4C67B520CBDC2300E93B3A = {
			isa = PBXGroup;
			children = (
				1F4C67C020CBDC2300E93B3A /* YFLCustomActionSheet */,
				1F4C67D920CBDC2300E93B3A /* YFLCustomActionSheetTests */,
				1F4C67E420CBDC2300E93B3A /* YFLCustomActionSheetUITests */,
				1F4C67BF20CBDC2300E93B3A /* Products */,
			);
			sourceTree = "<group>";
		};
		1F4C67BF20CBDC2300E93B3A /* Products */ = {
			isa = PBXGroup;
			children = (
				1F4C67BE20CBDC2300E93B3A /* YFLCustomActionSheet.app */,
				1F4C67D620CBDC2300E93B3A /* YFLCustomActionSheetTests.xctest */,
				1F4C67E120CBDC2300E93B3A /* YFLCustomActionSheetUITests.xctest */,
			);
			name = Products;
			sourceTree = "<group>";
		};
		1F4C67C020CBDC2300E93B3A /* YFLCustomActionSheet */ = {
			isa = PBXGroup;
			children = (
				1F4C67FB20CBF96700E93B3A /* Lib */,
				1F4C67C120CBDC2300E93B3A /* AppDelegate.h */,
				1F4C67C220CBDC2300E93B3A /* AppDelegate.m */,
				1F4C67F320CBDC5100E93B3A /* MainViewController.h */,
				1F4C67F420CBDC5100E93B3A /* MainViewController.m */,
				1F4C67CA20CBDC2300E93B3A /* Assets.xcassets */,
				1F4C67CC20CBDC2300E93B3A /* LaunchScreen.storyboard */,
				1F4C67CF20CBDC2300E93B3A /* Info.plist */,
				1F4C67D020CBDC2300E93B3A /* main.m */,
			);
			path = YFLCustomActionSheet;
			sourceTree = "<group>";
		};
		1F4C67D920CBDC2300E93B3A /* YFLCustomActionSheetTests */ = {
			isa = PBXGroup;
			children = (
				1F4C67DA20CBDC2300E93B3A /* YFLCustomActionSheetTests.m */,
				1F4C67DC20CBDC2300E93B3A /* Info.plist */,
			);
			path = YFLCustomActionSheetTests;
			sourceTree = "<group>";
		};
		1F4C67E420CBDC2300E93B3A /* YFLCustomActionSheetUITests */ = {
			isa = PBXGroup;
			children = (
				1F4C67E520CBDC2300E93B3A /* YFLCustomActionSheetUITests.m */,
				1F4C67E720CBDC2400E93B3A /* Info.plist */,
			);
			path = YFLCustomActionSheetUITests;
			sourceTree = "<group>";
		};
		1F4C67FB20CBF96700E93B3A /* Lib */ = {
			isa = PBXGroup;
			children = (
				1F4C67F720CBDC9200E93B3A /* YFLCustomActionSheet.h */,
				1F4C67F820CBDC9200E93B3A /* YFLCustomActionSheet.m */,
			);
			path = Lib;
			sourceTree = "<group>";
		};
/* End PBXGroup section */

/* Begin PBXNativeTarget section */
		1F4C67BD20CBDC2300E93B3A /* YFLCustomActionSheet */ = {
			isa = PBXNativeTarget;
			buildConfigurationList = 1F4C67EA20CBDC2400E93B3A /* Build configuration list for PBXNativeTarget "YFLCustomActionSheet" */;
			buildPhases = (
				1F4C67BA20CBDC2300E93B3A /* Sources */,
				1F4C67BB20CBDC2300E93B3A /* Frameworks */,
				1F4C67BC20CBDC2300E93B3A /* Resources */,
			);
			buildRules = (
			);
			dependencies = (
			);
			name = YFLCustomActionSheet;
			productName = YFLCustomActionSheet;
			productReference = 1F4C67BE20CBDC2300E93B3A /* YFLCustomActionSheet.app */;
			productType = "com.apple.product-type.application";
		};
		1F4C67D520CBDC2300E93B3A /* YFLCustomActionSheetTests */ = {
			isa = PBXNativeTarget;
			buildConfigurationList = 1F4C67ED20CBDC2400E93B3A /* Build configuration list for PBXNativeTarget "YFLCustomActionSheetTests" */;
			buildPhases = (
				1F4C67D220CBDC2300E93B3A /* Sources */,
				1F4C67D320CBDC2300E93B3A /* Frameworks */,
				1F4C67D420CBDC2300E93B3A /* Resources */,
			);
			buildRules = (
			);
			dependencies = (
				1F4C67D820CBDC2300E93B3A /* PBXTargetDependency */,
			);
			name = YFLCustomActionSheetTests;
			productName = YFLCustomActionSheetTests;
			productReference = 1F4C67D620CBDC2300E93B3A /* YFLCustomActionSheetTests.xctest */;
			productType = "com.apple.product-type.bundle.unit-test";
		};
		1F4C67E020CBDC2300E93B3A /* YFLCustomActionSheetUITests */ = {
			isa = PBXNativeTarget;
			buildConfigurationList = 1F4C67F020CBDC2400E93B3A /* Build configuration list for PBXNativeTarget "YFLCustomActionSheetUITests" */;
			buildPhases = (
				1F4C67DD20CBDC2300E93B3A /* Sources */,
				1F4C67DE20CBDC2300E93B3A /* Frameworks */,
				1F4C67DF20CBDC2300E93B3A /* Resources */,
			);
			buildRules = (
			);
			dependencies = (
				1F4C67E320CBDC2300E93B3A /* PBXTargetDependency */,
			);
			name = YFLCustomActionSheetUITests;
			productName = YFLCustomActionSheetUITests;
			productReference = 1F4C67E120CBDC2300E93B3A /* YFLCustomActionSheetUITests.xctest */;
			productType = "com.apple.product-type.bundle.ui-testing";
		};
/* End PBXNativeTarget section */

/* Begin PBXProject section */
		1F4C67B620CBDC2300E93B3A /* Project object */ = {
			isa = PBXProject;
			attributes = {
				LastUpgradeCheck = 0910;
				ORGANIZATIONNAME = Cherish;
				TargetAttributes = {
					1F4C67BD20CBDC2300E93B3A = {
						CreatedOnToolsVersion = 9.1;
						ProvisioningStyle = Automatic;
					};
					1F4C67D520CBDC2300E93B3A = {
						CreatedOnToolsVersion = 9.1;
						ProvisioningStyle = Automatic;
						TestTargetID = 1F4C67BD20CBDC2300E93B3A;
					};
					1F4C67E020CBDC2300E93B3A = {
						CreatedOnToolsVersion = 9.1;
						ProvisioningStyle = Automatic;
						TestTargetID = 1F4C67BD20CBDC2300E93B3A;
					};
				};
			};
			buildConfigurationList = 1F4C67B920CBDC2300E93B3A /* Build configuration list for PBXProject "YFLCustomActionSheet" */;
			compatibilityVersion = "Xcode 8.0";
			developmentRegion = en;
			hasScannedForEncodings = 0;
			knownRegions = (
				en,
				Base,
			);
			mainGroup = 1F4C67B520CBDC2300E93B3A;
			productRefGroup = 1F4C67BF20CBDC2300E93B3A /* Products */;
			projectDirPath = "";
			projectRoot = "";
			targets = (
				1F4C67BD20CBDC2300E93B3A /* YFLCustomActionSheet */,
				1F4C67D520CBDC2300E93B3A /* YFLCustomActionSheetTests */,
				1F4C67E020CBDC2300E93B3A /* YFLCustomActionSheetUITests */,
			);
		};
/* End PBXProject section */

/* Begin PBXResourcesBuildPhase section */
		1F4C67BC20CBDC2300E93B3A /* Resources */ = {
			isa = PBXResourcesBuildPhase;
			buildActionMask = 2147483647;
			files = (
				1F4C67CE20CBDC2300E93B3A /* LaunchScreen.storyboard in Resources */,
				1F4C67CB20CBDC2300E93B3A /* Assets.xcassets in Resources */,
			);
			runOnlyForDeploymentPostprocessing = 0;
		};
		1F4C67D420CBDC2300E93B3A /* Resources */ = {
			isa = PBXResourcesBuildPhase;
			buildActionMask = 2147483647;
			files = (
			);
			runOnlyForDeploymentPostprocessing = 0;
		};
		1F4C67DF20CBDC2300E93B3A /* Resources */ = {
			isa = PBXResourcesBuildPhase;
			buildActionMask = 2147483647;
			files = (
			);
			runOnlyForDeploymentPostprocessing = 0;
		};
/* End PBXResourcesBuildPhase section */

/* Begin PBXSourcesBuildPhase section */
		1F4C67BA20CBDC2300E93B3A /* Sources */ = {
			isa = PBXSourcesBuildPhase;
			buildActionMask = 2147483647;
			files = (
				1F4C67D120CBDC2300E93B3A /* main.m in Sources */,
				1F4C67F520CBDC5100E93B3A /* MainViewController.m in Sources */,
				1F4C67F920CBDC9200E93B3A /* YFLCustomActionSheet.m in Sources */,
				1F4C67C320CBDC2300E93B3A /* AppDelegate.m in Sources */,
			);
			runOnlyForDeploymentPostprocessing = 0;
		};
		1F4C67D220CBDC2300E93B3A /* Sources */ = {
			isa = PBXSourcesBuildPhase;
			buildActionMask = 2147483647;
			files = (
				1F4C67DB20CBDC2300E93B3A /* YFLCustomActionSheetTests.m in Sources */,
			);
			runOnlyForDeploymentPostprocessing = 0;
		};
		1F4C67DD20CBDC2300E93B3A /* Sources */ = {
			isa = PBXSourcesBuildPhase;
			buildActionMask = 2147483647;
			files = (
				1F4C67E620CBDC2300E93B3A /* YFLCustomActionSheetUITests.m in Sources */,
			);
			runOnlyForDeploymentPostprocessing = 0;
		};
/* End PBXSourcesBuildPhase section */

/* Begin PBXTargetDependency section */
		1F4C67D820CBDC2300E93B3A /* PBXTargetDependency */ = {
			isa = PBXTargetDependency;
			target = 1F4C67BD20CBDC2300E93B3A /* YFLCustomActionSheet */;
			targetProxy = 1F4C67D720CBDC2300E93B3A /* PBXContainerItemProxy */;
		};
		1F4C67E320CBDC2300E93B3A /* PBXTargetDependency */ = {
			isa = PBXTargetDependency;
			target = 1F4C67BD20CBDC2300E93B3A /* YFLCustomActionSheet */;
			targetProxy = 1F4C67E220CBDC2300E93B3A /* PBXContainerItemProxy */;
		};
/* End PBXTargetDependency section */

/* Begin PBXVariantGroup section */
		1F4C67CC20CBDC2300E93B3A /* LaunchScreen.storyboard */ = {
			isa = PBXVariantGroup;
			children = (
				1F4C67CD20CBDC2300E93B3A /* Base */,
			);
			name = LaunchScreen.storyboard;
			sourceTree = "<group>";
		};
/* End PBXVariantGroup section */

/* Begin XCBuildConfiguration section */
		1F4C67E820CBDC2400E93B3A /* Debug */ = {
			isa = XCBuildConfiguration;
			buildSettings = {
				ALWAYS_SEARCH_USER_PATHS = NO;
				CLANG_ANALYZER_NONNULL = YES;
				CLANG_ANALYZER_NUMBER_OBJECT_CONVERSION = YES_AGGRESSIVE;
				CLANG_CXX_LANGUAGE_STANDARD = "gnu++14";
				CLANG_CXX_LIBRARY = "libc++";
				CLANG_ENABLE_MODULES = YES;
				CLANG_ENABLE_OBJC_ARC = YES;
				CLANG_WARN_BLOCK_CAPTURE_AUTORELEASING = YES;
				CLANG_WARN_BOOL_CONVERSION = YES;
				CLANG_WARN_COMMA = YES;
				CLANG_WARN_CONSTANT_CONVERSION = YES;
				CLANG_WARN_DIRECT_OBJC_ISA_USAGE = YES_ERROR;
				CLANG_WARN_DOCUMENTATION_COMMENTS = YES;
				CLANG_WARN_EMPTY_BODY = YES;
				CLANG_WARN_ENUM_CONVERSION = YES;
				CLANG_WARN_INFINITE_RECURSION = YES;
				CLANG_WARN_INT_CONVERSION = YES;
				CLANG_WARN_NON_LITERAL_NULL_CONVERSION = YES;
				CLANG_WARN_OBJC_LITERAL_CONVERSION = YES;
				CLANG_WARN_OBJC_ROOT_CLASS = YES_ERROR;
				CLANG_WARN_RANGE_LOOP_ANALYSIS = YES;
				CLANG_WARN_STRICT_PROTOTYPES = YES;
				CLANG_WARN_SUSPICIOUS_MOVE = YES;
				CLANG_WARN_UNGUARDED_AVAILABILITY = YES_AGGRESSIVE;
				CLANG_WARN_UNREACHABLE_CODE = YES;
				CLANG_WARN__DUPLICATE_METHOD_MATCH = YES;
				CODE_SIGN_IDENTITY = "iPhone Developer";
				COPY_PHASE_STRIP = NO;
				DEBUG_INFORMATION_FORMAT = dwarf;
				ENABLE_STRICT_OBJC_MSGSEND = YES;
				ENABLE_TESTABILITY = YES;
				GCC_C_LANGUAGE_STANDARD = gnu11;
				GCC_DYNAMIC_NO_PIC = NO;
				GCC_NO_COMMON_BLOCKS = YES;
				GCC_OPTIMIZATION_LEVEL = 0;
				GCC_PREPROCESSOR_DEFINITIONS = (
					"DEBUG=1",
					"$(inherited)",
				);
				GCC_WARN_64_TO_32_BIT_CONVERSION = YES;
				GCC_WARN_ABOUT_RETURN_TYPE = YES_ERROR;
				GCC_WARN_UNDECLARED_SELECTOR = YES;
				GCC_WARN_UNINITIALIZED_AUTOS = YES_AGGRESSIVE;
				GCC_WARN_UNUSED_FUNCTION = YES;
				GCC_WARN_UNUSED_VARIABLE = YES;
				IPHONEOS_DEPLOYMENT_TARGET = 11.1;
				MTL_ENABLE_DEBUG_INFO = YES;
				ONLY_ACTIVE_ARCH = YES;
				SDKROOT = iphoneos;
			};
			name = Debug;
		};
		1F4C67E920CBDC2400E93B3A /* Release */ = {
			isa = XCBuildConfiguration;
			buildSettings = {
				ALWAYS_SEARCH_USER_PATHS = NO;
				CLANG_ANALYZER_NONNULL = YES;
				CLANG_ANALYZER_NUMBER_OBJECT_CONVERSION = YES_AGGRESSIVE;
				CLANG_CXX_LANGUAGE_STANDARD = "gnu++14";
				CLANG_CXX_LIBRARY = "libc++";
				CLANG_ENABLE_MODULES = YES;
				CLANG_ENABLE_OBJC_ARC = YES;
				CLANG_WARN_BLOCK_CAPTURE_AUTORELEASING = YES;
				CLANG_WARN_BOOL_CONVERSION = YES;
				CLANG_WARN_COMMA = YES;
				CLANG_WARN_CONSTANT_CONVERSION = YES;
				CLANG_WARN_DIRECT_OBJC_ISA_USAGE = YES_ERROR;
				CLANG_WARN_DOCUMENTATION_COMMENTS = YES;
				CLANG_WARN_EMPTY_BODY = YES;
				CLANG_WARN_ENUM_CONVERSION = YES;
				CLANG_WARN_INFINITE_RECURSION = YES;
				CLANG_WARN_INT_CONVERSION = YES;
				CLANG_WARN_NON_LITERAL_NULL_CONVERSION = YES;
				CLANG_WARN_OBJC_LITERAL_CONVERSION = YES;
				CLANG_WARN_OBJC_ROOT_CLASS = YES_ERROR;
				CLANG_WARN_RANGE_LOOP_ANALYSIS = YES;
				CLANG_WARN_STRICT_PROTOTYPES = YES;
				CLANG_WARN_SUSPICIOUS_MOVE = YES;
				CLANG_WARN_UNGUARDED_AVAILABILITY = YES_AGGRESSIVE;
				CLANG_WARN_UNREACHABLE_CODE = YES;
				CLANG_WARN__DUPLICATE_METHOD_MATCH = YES;
				CODE_SIGN_IDENTITY = "iPhone Developer";
				COPY_PHASE_STRIP = NO;
				DEBUG_INFORMATION_FORMAT = "dwarf-with-dsym";
				ENABLE_NS_ASSERTIONS = NO;
				ENABLE_STRICT_OBJC_MSGSEND = YES;
				GCC_C_LANGUAGE_STANDARD = gnu11;
				GCC_NO_COMMON_BLOCKS = YES;
				GCC_WARN_64_TO_32_BIT_CONVERSION = YES;
				GCC_WARN_ABOUT_RETURN_TYPE = YES_ERROR;
				GCC_WARN_UNDECLARED_SELECTOR = YES;
				GCC_WARN_UNINITIALIZED_AUTOS = YES_AGGRESSIVE;
				GCC_WARN_UNUSED_FUNCTION = YES;
				GCC_WARN_UNUSED_VARIABLE = YES;
				IPHONEOS_DEPLOYMENT_TARGET = 11.1;
				MTL_ENABLE_DEBUG_INFO = NO;
				SDKROOT = iphoneos;
				VALIDATE_PRODUCT = YES;
			};
			name = Release;
		};
		1F4C67EB20CBDC2400E93B3A /* Debug */ = {
			isa = XCBuildConfiguration;
			buildSettings = {
				ASSETCATALOG_COMPILER_APPICON_NAME = AppIcon;
				CODE_SIGN_STYLE = Automatic;
				DEVELOPMENT_TEAM = K9V7FM4SGX;
				INFOPLIST_FILE = YFLCustomActionSheet/Info.plist;
				IPHONEOS_DEPLOYMENT_TARGET = 8.0;
				LD_RUNPATH_SEARCH_PATHS = "$(inherited) @executable_path/Frameworks";
				PRODUCT_BUNDLE_IDENTIFIER = com.lemon.YFLCustomActionSheet;
				PRODUCT_NAME = "$(TARGET_NAME)";
				TARGETED_DEVICE_FAMILY = "1,2";
			};
			name = Debug;
		};
		1F4C67EC20CBDC2400E93B3A /* Release */ = {
			isa = XCBuildConfiguration;
			buildSettings = {
				ASSETCATALOG_COMPILER_APPICON_NAME = AppIcon;
				CODE_SIGN_STYLE = Automatic;
				DEVELOPMENT_TEAM = K9V7FM4SGX;
				INFOPLIST_FILE = YFLCustomActionSheet/Info.plist;
				IPHONEOS_DEPLOYMENT_TARGET = 8.0;
				LD_RUNPATH_SEARCH_PATHS = "$(inherited) @executable_path/Frameworks";
				PRODUCT_BUNDLE_IDENTIFIER = com.lemon.YFLCustomActionSheet;
				PRODUCT_NAME = "$(TARGET_NAME)";
				TARGETED_DEVICE_FAMILY = "1,2";
			};
			name = Release;
		};
		1F4C67EE20CBDC2400E93B3A /* Debug */ = {
			isa = XCBuildConfiguration;
			buildSettings = {
				BUNDLE_LOADER = "$(TEST_HOST)";
				CODE_SIGN_STYLE = Automatic;
				INFOPLIST_FILE = YFLCustomActionSheetTests/Info.plist;
				LD_RUNPATH_SEARCH_PATHS = "$(inherited) @executable_path/Frameworks @loader_path/Frameworks";
				PRODUCT_BUNDLE_IDENTIFIER = com.lemon.YFLCustomActionSheetTests;
				PRODUCT_NAME = "$(TARGET_NAME)";
				TARGETED_DEVICE_FAMILY = "1,2";
				TEST_HOST = "$(BUILT_PRODUCTS_DIR)/YFLCustomActionSheet.app/YFLCustomActionSheet";
			};
			name = Debug;
		};
		1F4C67EF20CBDC2400E93B3A /* Release */ = {
			isa = XCBuildConfiguration;
			buildSettings = {
				BUNDLE_LOADER = "$(TEST_HOST)";
				CODE_SIGN_STYLE = Automatic;
				INFOPLIST_FILE = YFLCustomActionSheetTests/Info.plist;
				LD_RUNPATH_SEARCH_PATHS = "$(inherited) @executable_path/Frameworks @loader_path/Frameworks";
				PRODUCT_BUNDLE_IDENTIFIER = com.lemon.YFLCustomActionSheetTests;
				PRODUCT_NAME = "$(TARGET_NAME)";
				TARGETED_DEVICE_FAMILY = "1,2";
				TEST_HOST = "$(BUILT_PRODUCTS_DIR)/YFLCustomActionSheet.app/YFLCustomActionSheet";
			};
			name = Release;
		};
		1F4C67F120CBDC2400E93B3A /* Debug */ = {
			isa = XCBuildConfiguration;
			buildSettings = {
				CODE_SIGN_STYLE = Automatic;
				INFOPLIST_FILE = YFLCustomActionSheetUITests/Info.plist;
				LD_RUNPATH_SEARCH_PATHS = "$(inherited) @executable_path/Frameworks @loader_path/Frameworks";
				PRODUCT_BUNDLE_IDENTIFIER = com.lemon.YFLCustomActionSheetUITests;
				PRODUCT_NAME = "$(TARGET_NAME)";
				TARGETED_DEVICE_FAMILY = "1,2";
				TEST_TARGET_NAME = YFLCustomActionSheet;
			};
			name = Debug;
		};
		1F4C67F220CBDC2400E93B3A /* Release */ = {
			isa = XCBuildConfiguration;
			buildSettings = {
				CODE_SIGN_STYLE = Automatic;
				INFOPLIST_FILE = YFLCustomActionSheetUITests/Info.plist;
				LD_RUNPATH_SEARCH_PATHS = "$(inherited) @executable_path/Frameworks @loader_path/Frameworks";
				PRODUCT_BUNDLE_IDENTIFIER = com.lemon.YFLCustomActionSheetUITests;
				PRODUCT_NAME = "$(TARGET_NAME)";
				TARGETED_DEVICE_FAMILY = "1,2";
				TEST_TARGET_NAME = YFLCustomActionSheet;
			};
			name = Release;
		};
/* End XCBuildConfiguration section */

/* Begin XCConfigurationList section */
		1F4C67B920CBDC2300E93B3A /* Build configuration list for PBXProject "YFLCustomActionSheet" */ = {
			isa = XCConfigurationList;
			buildConfigurations = (
				1F4C67E820CBDC2400E93B3A /* Debug */,
				1F4C67E920CBDC2400E93B3A /* Release */,
			);
			defaultConfigurationIsVisible = 0;
			defaultConfigurationName = Release;
		};
		1F4C67EA20CBDC2400E93B3A /* Build configuration list for PBXNativeTarget "YFLCustomActionSheet" */ = {
			isa = XCConfigurationList;
			buildConfigurations = (
				1F4C67EB20CBDC2400E93B3A /* Debug */,
				1F4C67EC20CBDC2400E93B3A /* Release */,
			);
			defaultConfigurationIsVisible = 0;
			defaultConfigurationName = Release;
		};
		1F4C67ED20CBDC2400E93B3A /* Build configuration list for PBXNativeTarget "YFLCustomActionSheetTests" */ = {
			isa = XCConfigurationList;
			buildConfigurations = (
				1F4C67EE20CBDC2400E93B3A /* Debug */,
				1F4C67EF20CBDC2400E93B3A /* Release */,
			);
			defaultConfigurationIsVisible = 0;
			defaultConfigurationName = Release;
		};
		1F4C67F020CBDC2400E93B3A /* Build configuration list for PBXNativeTarget "YFLCustomActionSheetUITests" */ = {
			isa = XCConfigurationList;
			buildConfigurations = (
				1F4C67F120CBDC2400E93B3A /* Debug */,
				1F4C67F220CBDC2400E93B3A /* Release */,
			);
			defaultConfigurationIsVisible = 0;
			defaultConfigurationName = Release;
		};
/* End XCConfigurationList section */
	};
	rootObject = 1F4C67B620CBDC2300E93B3A /* Project object */;
}
